{
    "requires": true,
    "lockfileVersion": 1,
    "dependencies": {
        "proportional-proof-of-work": {
            "version": "0.1.0",
            "resolved": "https://registry.npmjs.org/proportional-proof-of-work/-/proportional-proof-of-work-0.1.0.tgz",
            "integrity": "sha512-IHrnurAV2D48wbC8GVJr8ZBHqjVmWYAxXSO+9MhTFJIMtN6lhiL5amCTaAIdy9XMMngmu/BmHDavtwt3gfVzZA=="
        }
    }
}
